{
  "name": "open-donasi",
  "version": "1.0.0",
  "lockfileVersion": 3,
  "requires": true,
  "packages": {
    "": {
      "name": "open-donasi",
      "version": "1.0.0",
      "license": "ISC",
      "dependencies": {
        "tinymce": "^6.7.0"
      }
    },
    "node_modules/tinymce": {
      "version": "6.7.0",
      "resolved": "https://registry.npmjs.org/tinymce/-/tinymce-6.7.0.tgz",
      "integrity": "sha512-Wf2RSobIXQ7XNw3/v4z1lPGiH3Pjsmc/6/7fG28aIS6uVWj/7IhvOPuwfJJDeOx0o0D3nSnoLHgR2KU8JAdE+w==",
      "license": "MIT"
    }
  }
}
